speakeasyVersion: 1.525.0
sources:
    payle-api-docs:
        sourceNamespace: payle-api-docs
        sourceRevisionDigest: sha256:6cf4a6e2521965f52845eb62b6dcc1dbd5d0e43ec35b73a73616bf9a26cf5660
        sourceBlobDigest: sha256:3215f5a34e567058e5a7354aee8d1dfb7f5d2d673f681b1e3fe9428b105ba9c5
        tags:
            - latest
            - speakeasy-sdk-regen-1743040004
            - 1.0.0
targets:
    payle-ts-sdk:
        source: payle-api-docs
        sourceNamespace: payle-api-docs
        sourceRevisionDigest: sha256:6cf4a6e2521965f52845eb62b6dcc1dbd5d0e43ec35b73a73616bf9a26cf5660
        sourceBlobDigest: sha256:3215f5a34e567058e5a7354aee8d1dfb7f5d2d673f681b1e3fe9428b105ba9c5
        codeSamplesNamespace: payle-api-docs-typescript-code-samples
        codeSamplesRevisionDigest: sha256:fe504cdd3264403a76031c3b41f4792768ee46062fe6497b833e460298c7625e
workflow:
    workflowVersion: 1.0.0
    speakeasyVersion: latest
    sources:
        payle-api-docs:
            inputs:
                - location: https://raw.githubusercontent.com/payle-digital/payle-api-docs/main/openapi/openapi.json
            registry:
                location: registry.speakeasyapi.dev/payle/payle-api/payle-api-docs
    targets:
        payle-ts-sdk:
            target: typescript
            source: payle-api-docs
            publish:
                npm:
                    token: $npm_token
            codeSamples:
                registry:
                    location: registry.speakeasyapi.dev/payle/payle-api/payle-api-docs-typescript-code-samples
                labelOverride:
                    fixedValue: Typescript (SDK)
                blocking: false
