speakeasyVersion: 1.529.1
sources:
    payle-api-docs:
        sourceNamespace: payle-api-docs
        sourceRevisionDigest: sha256:f5d33848bf4f54576c611fe6bbca8c567bd828128eb8d5d2ac3525fb4df5e79b
        sourceBlobDigest: sha256:391290ff754a623673a39ab58e680b930c272b82a5bd65d428fbf6b857b9b67e
        tags:
            - latest
            - speakeasy-sdk-regen-1743126940
            - 1.0.0
targets:
    payle-ts-sdk:
        source: payle-api-docs
        sourceNamespace: payle-api-docs
        sourceRevisionDigest: sha256:f5d33848bf4f54576c611fe6bbca8c567bd828128eb8d5d2ac3525fb4df5e79b
        sourceBlobDigest: sha256:391290ff754a623673a39ab58e680b930c272b82a5bd65d428fbf6b857b9b67e
        codeSamplesNamespace: payle-api-docs-typescript-code-samples
        codeSamplesRevisionDigest: sha256:c535d679209eb2a86c11e880786dc34a9d4c04264a39106e0cb5bdce470611f6
workflow:
    workflowVersion: 1.0.0
    speakeasyVersion: latest
    sources:
        payle-api-docs:
            inputs:
                - location: https://raw.githubusercontent.com/payle-digital/payle-api-docs/main/openapi/openapi.json
            registry:
                location: registry.speakeasyapi.dev/payle/payle-api/payle-api-docs
    targets:
        payle-ts-sdk:
            target: typescript
            source: payle-api-docs
            publish:
                npm:
                    token: $npm_token
            codeSamples:
                registry:
                    location: registry.speakeasyapi.dev/payle/payle-api/payle-api-docs-typescript-code-samples
                labelOverride:
                    fixedValue: Typescript (SDK)
                blocking: false
